
Microsoft Visual Studio Solution File, Format Version 12.00
# Visual Studio 15
VisualStudioVersion = 15.0.27428.2015
MinimumVisualStudioVersion = 10.0.40219.1
Project("{FAE04EC0-301F-11D3-BF4B-00C04F79EFBC}") = "Sample.Web", "Sample.Web\Sample.Web.csproj", "{47360DD4-E8D3-443B-8DBE-96A9AAA8A82D}"
EndProject
Project("{FAE04EC0-301F-11D3-BF4B-00C04F79EFBC}") = "Sample.Data", "Sample.Data\Sample.Data.csproj", "{3AFD9B3A-1FFE-4BEF-8AB5-1C2C5D958D0A}"
EndProject
Project("{FAE04EC0-301F-11D3-BF4B-00C04F79EFBC}") = "Sample.Utilities", "Sample.Utilities\Sample.Utilities.csproj", "{14D914E8-27DC-4C5C-B865-554A8924CEB8}"
EndProject
Project("{FAE04EC0-301F-11D3-BF4B-00C04F79EFBC}") = "Sample.Services", "Sample.Services\Sample.Services.csproj", "{AFF1A0A7-7C12-4C5C-A5B3-4616572C2D4D}"
EndProject
Global
	GlobalSection(SolutionConfigurationPlatforms) = preSolution
		Debug|Any CPU = Debug|Any CPU
		Release|Any CPU = Release|Any CPU
	EndGlobalSection
	GlobalSection(ProjectConfigurationPlatforms) = postSolution
		{47360DD4-E8D3-443B-8DBE-96A9AAA8A82D}.Debug|Any CPU.ActiveCfg = Debug|Any CPU
		{47360DD4-E8D3-443B-8DBE-96A9AAA8A82D}.Debug|Any CPU.Build.0 = Debug|Any CPU
		{47360DD4-E8D3-443B-8DBE-96A9AAA8A82D}.Release|Any CPU.ActiveCfg = Release|Any CPU
		{47360DD4-E8D3-443B-8DBE-96A9AAA8A82D}.Release|Any CPU.Build.0 = Release|Any CPU
		{3AFD9B3A-1FFE-4BEF-8AB5-1C2C5D958D0A}.Debug|Any CPU.ActiveCfg = Debug|Any CPU
		{3AFD9B3A-1FFE-4BEF-8AB5-1C2C5D958D0A}.Debug|Any CPU.Build.0 = Debug|Any CPU
		{3AFD9B3A-1FFE-4BEF-8AB5-1C2C5D958D0A}.Release|Any CPU.ActiveCfg = Release|Any CPU
		{3AFD9B3A-1FFE-4BEF-8AB5-1C2C5D958D0A}.Release|Any CPU.Build.0 = Release|Any CPU
		{14D914E8-27DC-4C5C-B865-554A8924CEB8}.Debug|Any CPU.ActiveCfg = Debug|Any CPU
		{14D914E8-27DC-4C5C-B865-554A8924CEB8}.Debug|Any CPU.Build.0 = Debug|Any CPU
		{14D914E8-27DC-4C5C-B865-554A8924CEB8}.Release|Any CPU.ActiveCfg = Release|Any CPU
		{14D914E8-27DC-4C5C-B865-554A8924CEB8}.Release|Any CPU.Build.0 = Release|Any CPU
		{AFF1A0A7-7C12-4C5C-A5B3-4616572C2D4D}.Debug|Any CPU.ActiveCfg = Debug|Any CPU
		{AFF1A0A7-7C12-4C5C-A5B3-4616572C2D4D}.Debug|Any CPU.Build.0 = Debug|Any CPU
		{AFF1A0A7-7C12-4C5C-A5B3-4616572C2D4D}.Release|Any CPU.ActiveCfg = Release|Any CPU
		{AFF1A0A7-7C12-4C5C-A5B3-4616572C2D4D}.Release|Any CPU.Build.0 = Release|Any CPU
	EndGlobalSection
	GlobalSection(SolutionProperties) = preSolution
		HideSolutionNode = FALSE
	EndGlobalSection
	GlobalSection(ExtensibilityGlobals) = postSolution
		SolutionGuid = {25A9DCB1-9707-4A19-BE9E-24AA3D584281}
	EndGlobalSection
EndGlobal
